{
  "requires": true,
  "lockfileVersion": 1,
  "dependencies": {
    "anychart": {
      "version": "8.9.0",
      "resolved": "https://registry.npmjs.org/anychart/-/anychart-8.9.0.tgz",
      "integrity": "sha512-SE8NUwYY35EBLbZ/g+8nVmF3JYFUB2ZO0hknDb06FO5r9hNwykSAsYKIfNnWSw8YplThlXUNXbKDbfPhTFh1Qw=="
    }
  }
}
